<?xml version="1.0" encoding="utf-8"?>
<Project ToolsVersion="4.0" xmlns="http://schemas.microsoft.com/developer/msbuild/2003">
  <ItemGroup>
    <ClCompile Include="CameraController.cpp" />
    <ClCompile Include="DebugRender.cpp" />
    <ClCompile Include="Frustum.cpp" />
    <ClCompile Include="SphericalCameraController.cpp" />
    <ClCompile Include="ContextManager.cpp" />
    <ClCompile Include="FPSCameraController.cpp" />
    <ClCompile Include="..\Base\C3DElement.cpp" />
    <ClCompile Include="Textures\Texture.cpp">
      <Filter>Textures</Filter>
    </ClCompile>
  </ItemGroup>
  <ItemGroup>
    <ClInclude Include="Camera.h" />
    <ClInclude Include="CameraController.h" />
    <ClInclude Include="DebugRender.h" />
    <ClInclude Include="Effect.h" />
    <ClInclude Include="Frustum.h" />
    <ClInclude Include="RenderableVertexs.h" />
    <ClInclude Include="SphericalCameraController.h" />
    <ClInclude Include="VertexTypes.h" />
    <ClInclude Include="ContextManager.h" />
    <ClInclude Include="FPSCameraController.h" />
    <ClInclude Include="C3DElement.h" />
    <ClInclude Include="Textures\TextureManager.h">
      <Filter>Textures</Filter>
    </ClInclude>
    <ClInclude Include="Textures\Texture.h">
      <Filter>Textures</Filter>
    </ClInclude>
  </ItemGroup>
  <ItemGroup>
    <Filter Include="Textures">
      <UniqueIdentifier>{eaa2d2b8-1eb2-4ea1-a40f-b47d71866316}</UniqueIdentifier>
    </Filter>
  </ItemGroup>
</Project>